
Microsoft Visual Studio Solution File, Format Version 12.00
# Visual Studio Version 17
VisualStudioVersion = 17.9.34714.143
MinimumVisualStudioVersion = 10.0.40219.1
Project("{FAE04EC0-301F-11D3-BF4B-00C04F79EFBC}") = "JogoDaVelha", "JogoDaVelha.csproj", "{15AABDEB-82D3-4596-8BA9-41EA8E1D6F37}"
EndProject
Global
	GlobalSection(SolutionConfigurationPlatforms) = preSolution
		Debug|Any CPU = Debug|Any CPU
		Release|Any CPU = Release|Any CPU
	EndGlobalSection
	GlobalSection(ProjectConfigurationPlatforms) = postSolution
		{15AABDEB-82D3-4596-8BA9-41EA8E1D6F37}.Debug|Any CPU.ActiveCfg = Debug|Any CPU
		{15AABDEB-82D3-4596-8BA9-41EA8E1D6F37}.Debug|Any CPU.Build.0 = Debug|Any CPU
		{15AABDEB-82D3-4596-8BA9-41EA8E1D6F37}.Release|Any CPU.ActiveCfg = Release|Any CPU
		{15AABDEB-82D3-4596-8BA9-41EA8E1D6F37}.Release|Any CPU.Build.0 = Release|Any CPU
	EndGlobalSection
	GlobalSection(SolutionProperties) = preSolution
		HideSolutionNode = FALSE
	EndGlobalSection
	GlobalSection(ExtensibilityGlobals) = postSolution
		SolutionGuid = {FEEF1A89-5D45-4541-AE1D-F064BA5865D4}
	EndGlobalSection
EndGlobal
