
Microsoft Visual Studio Solution File, Format Version 12.00
# Visual Studio Version 17
VisualStudioVersion = 17.9.34714.143
MinimumVisualStudioVersion = 10.0.40219.1
Project("{FAE04EC0-301F-11D3-BF4B-00C04F79EFBC}") = "PrimeiraAplicaçãoWebMVC", "PrimeiraAplicaçãoWebMVC.csproj", "{8F87F835-2897-4754-B0E1-9701BBB214CD}"
EndProject
Global
	GlobalSection(SolutionConfigurationPlatforms) = preSolution
		Debug|Any CPU = Debug|Any CPU
		Release|Any CPU = Release|Any CPU
	EndGlobalSection
	GlobalSection(ProjectConfigurationPlatforms) = postSolution
		{8F87F835-2897-4754-B0E1-9701BBB214CD}.Debug|Any CPU.ActiveCfg = Debug|Any CPU
		{8F87F835-2897-4754-B0E1-9701BBB214CD}.Debug|Any CPU.Build.0 = Debug|Any CPU
		{8F87F835-2897-4754-B0E1-9701BBB214CD}.Release|Any CPU.ActiveCfg = Release|Any CPU
		{8F87F835-2897-4754-B0E1-9701BBB214CD}.Release|Any CPU.Build.0 = Release|Any CPU
	EndGlobalSection
	GlobalSection(SolutionProperties) = preSolution
		HideSolutionNode = FALSE
	EndGlobalSection
	GlobalSection(ExtensibilityGlobals) = postSolution
		SolutionGuid = {8A2A6B4B-F819-4557-BDCB-9E8FB1C8EB14}
	EndGlobalSection
EndGlobal
