
Microsoft Visual Studio Solution File, Format Version 12.00
# Visual Studio Version 17
VisualStudioVersion = 17.9.34714.143
MinimumVisualStudioVersion = 10.0.40219.1
Project("{FAE04EC0-301F-11D3-BF4B-00C04F79EFBC}") = "Senac.WF.Viru", "Senac.WF.Viru.csproj", "{292622AB-57A3-4A21-ABE9-8C765F023EEB}"
EndProject
Global
	GlobalSection(SolutionConfigurationPlatforms) = preSolution
		Debug|Any CPU = Debug|Any CPU
		Release|Any CPU = Release|Any CPU
	EndGlobalSection
	GlobalSection(ProjectConfigurationPlatforms) = postSolution
		{292622AB-57A3-4A21-ABE9-8C765F023EEB}.Debug|Any CPU.ActiveCfg = Debug|Any CPU
		{292622AB-57A3-4A21-ABE9-8C765F023EEB}.Debug|Any CPU.Build.0 = Debug|Any CPU
		{292622AB-57A3-4A21-ABE9-8C765F023EEB}.Release|Any CPU.ActiveCfg = Release|Any CPU
		{292622AB-57A3-4A21-ABE9-8C765F023EEB}.Release|Any CPU.Build.0 = Release|Any CPU
	EndGlobalSection
	GlobalSection(SolutionProperties) = preSolution
		HideSolutionNode = FALSE
	EndGlobalSection
	GlobalSection(ExtensibilityGlobals) = postSolution
		SolutionGuid = {F0608DEC-FBBB-408F-B9AB-D0FFCD067EA0}
	EndGlobalSection
EndGlobal
