
Microsoft Visual Studio Solution File, Format Version 12.00
# Visual Studio Version 17
VisualStudioVersion = 17.9.34714.143
MinimumVisualStudioVersion = 10.0.40219.1
Project("{FAE04EC0-301F-11D3-BF4B-00C04F79EFBC}") = "Senac.ConsoleAppinput", "Senac.ConsoleAppinput.csproj", "{DDA24348-2DE6-4871-A251-D41AEB3AA473}"
EndProject
Global
	GlobalSection(SolutionConfigurationPlatforms) = preSolution
		Debug|Any CPU = Debug|Any CPU
		Release|Any CPU = Release|Any CPU
	EndGlobalSection
	GlobalSection(ProjectConfigurationPlatforms) = postSolution
		{DDA24348-2DE6-4871-A251-D41AEB3AA473}.Debug|Any CPU.ActiveCfg = Debug|Any CPU
		{DDA24348-2DE6-4871-A251-D41AEB3AA473}.Debug|Any CPU.Build.0 = Debug|Any CPU
		{DDA24348-2DE6-4871-A251-D41AEB3AA473}.Release|Any CPU.ActiveCfg = Release|Any CPU
		{DDA24348-2DE6-4871-A251-D41AEB3AA473}.Release|Any CPU.Build.0 = Release|Any CPU
	EndGlobalSection
	GlobalSection(SolutionProperties) = preSolution
		HideSolutionNode = FALSE
	EndGlobalSection
	GlobalSection(ExtensibilityGlobals) = postSolution
		SolutionGuid = {353FCE81-4F0B-4608-A140-0DC3AB86CCE7}
	EndGlobalSection
EndGlobal
